// !$*UTF8*$!
{
	archiveVersion = 1;
	classes = {
	};
	objectVersion = 50;
	objects = {

/* Begin PBXBuildFile section */
		ED1E6FB5211FC06D0076FD3D /* InsetLabel.swift in Sources */ = {isa = PBXBuildFile; fileRef = ED1E6FB4211FC06C0076FD3D /* InsetLabel.swift */; };
		ED725B8321229E3E00550626 /* TokenTextViewTableViewCell.swift in Sources */ = {isa = PBXBuildFile; fileRef = ED725B8221229E3E00550626 /* TokenTextViewTableViewCell.swift */; };
		EDF91DCE20BFB1BE00A79838 /* TokenTextView.swift in Sources */ = {isa = PBXBuildFile; fileRef = EDF91DCD20BFB1BE00A79838 /* TokenTextView.swift */; };
		EDF91DD520BFB44F00A79838 /* Helpers.swift in Sources */ = {isa = PBXBuildFile; fileRef = EDF91DD420BFB44E00A79838 /* Helpers.swift */; };
/* End PBXBuildFile section */

/* Begin PBXCopyFilesBuildPhase section */
		EDF91DC820BFB1BE00A79838 /* CopyFiles */ = {
			isa = PBXCopyFilesBuildPhase;
			buildActionMask = 2147483647;
			dstPath = "include/$(PRODUCT_NAME)";
			dstSubfolderSpec = 16;
			files = (
			);
			runOnlyForDeploymentPostprocessing = 0;
		};
/* End PBXCopyFilesBuildPhase section */

/* Begin PBXFileReference section */
		ED1E6FB4211FC06C0076FD3D /* InsetLabel.swift */ = {isa = PBXFileReference; lastKnownFileType = sourcecode.swift; path = InsetLabel.swift; sourceTree = "<group>"; };
		ED725B8221229E3E00550626 /* TokenTextViewTableViewCell.swift */ = {isa = PBXFileReference; lastKnownFileType = sourcecode.swift; path = TokenTextViewTableViewCell.swift; sourceTree = "<group>"; };
		EDF91DCA20BFB1BE00A79838 /* libTokenTextView.a */ = {isa = PBXFileReference; explicitFileType = archive.ar; includeInIndex = 0; path = libTokenTextView.a; sourceTree = BUILT_PRODUCTS_DIR; };
		EDF91DCD20BFB1BE00A79838 /* TokenTextView.swift */ = {isa = PBXFileReference; lastKnownFileType = sourcecode.swift; path = TokenTextView.swift; sourceTree = "<group>"; };
		EDF91DD420BFB44E00A79838 /* Helpers.swift */ = {isa = PBXFileReference; fileEncoding = 4; lastKnownFileType = sourcecode.swift; path = Helpers.swift; sourceTree = "<group>"; };
		EDF91DD620BFB48F00A79838 /* UITextView+TokenTextView.h */ = {isa = PBXFileReference; lastKnownFileType = sourcecode.c.h; path = "UITextView+TokenTextView.h"; sourceTree = "<group>"; };
		EDF91DD820BFB50600A79838 /* TokenTextView-Bridging-Header.h */ = {isa = PBXFileReference; lastKnownFileType = sourcecode.c.h; path = "TokenTextView-Bridging-Header.h"; sourceTree = "<group>"; };
		EDF91DE420C0266500A79838 /* README.md */ = {isa = PBXFileReference; lastKnownFileType = net.daringfireball.markdown; path = README.md; sourceTree = "<group>"; };
/* End PBXFileReference section */

/* Begin PBXFrameworksBuildPhase section */
		EDF91DC720BFB1BE00A79838 /* Frameworks */ = {
			isa = PBXFrameworksBuildPhase;
			buildActionMask = 2147483647;
			files = (
			);
			runOnlyForDeploymentPostprocessing = 0;
		};
/* End PBXFrameworksBuildPhase section */

/* Begin PBXGroup section */
		EDF91DC120BFB1BE00A79838 = {
			isa = PBXGroup;
			children = (
				EDF91DCC20BFB1BE00A79838 /* TokenTextView */,
				EDF91DCB20BFB1BE00A79838 /* Products */,
				EDF91DE420C0266500A79838 /* README.md */,
			);
			sourceTree = "<group>";
		};
		EDF91DCB20BFB1BE00A79838 /* Products */ = {
			isa = PBXGroup;
			children = (
				EDF91DCA20BFB1BE00A79838 /* libTokenTextView.a */,
			);
			name = Products;
			sourceTree = "<group>";
		};
		EDF91DCC20BFB1BE00A79838 /* TokenTextView */ = {
			isa = PBXGroup;
			children = (
				EDF91DCD20BFB1BE00A79838 /* TokenTextView.swift */,
				ED1E6FB4211FC06C0076FD3D /* InsetLabel.swift */,
				ED725B8221229E3E00550626 /* TokenTextViewTableViewCell.swift */,
				EDF91DD420BFB44E00A79838 /* Helpers.swift */,
				EDF91DD620BFB48F00A79838 /* UITextView+TokenTextView.h */,
				EDF91DD820BFB50600A79838 /* TokenTextView-Bridging-Header.h */,
			);
			path = TokenTextView;
			sourceTree = "<group>";
		};
/* End PBXGroup section */

/* Begin PBXNativeTarget section */
		EDF91DC920BFB1BE00A79838 /* TokenTextView */ = {
			isa = PBXNativeTarget;
			buildConfigurationList = EDF91DD120BFB1BE00A79838 /* Build configuration list for PBXNativeTarget "TokenTextView" */;
			buildPhases = (
				EDF91DC620BFB1BE00A79838 /* Sources */,
				EDF91DC720BFB1BE00A79838 /* Frameworks */,
				EDF91DC820BFB1BE00A79838 /* CopyFiles */,
			);
			buildRules = (
			);
			dependencies = (
			);
			name = TokenTextView;
			productName = TokenTextView;
			productReference = EDF91DCA20BFB1BE00A79838 /* libTokenTextView.a */;
			productType = "com.apple.product-type.library.static";
		};
/* End PBXNativeTarget section */

/* Begin PBXProject section */
		EDF91DC220BFB1BE00A79838 /* Project object */ = {
			isa = PBXProject;
			attributes = {
				LastSwiftUpdateCheck = 0930;
				LastUpgradeCheck = 0930;
				ORGANIZATIONNAME = "Acani LLC";
				TargetAttributes = {
					EDF91DC920BFB1BE00A79838 = {
						CreatedOnToolsVersion = 9.3.1;
						LastSwiftMigration = 1000;
					};
				};
			};
			buildConfigurationList = EDF91DC520BFB1BE00A79838 /* Build configuration list for PBXProject "TokenTextView" */;
			compatibilityVersion = "Xcode 9.3";
			developmentRegion = en;
			hasScannedForEncodings = 0;
			knownRegions = (
				en,
				Base,
			);
			mainGroup = EDF91DC120BFB1BE00A79838;
			productRefGroup = EDF91DCB20BFB1BE00A79838 /* Products */;
			projectDirPath = "";
			projectRoot = "";
			targets = (
				EDF91DC920BFB1BE00A79838 /* TokenTextView */,
			);
		};
/* End PBXProject section */

/* Begin PBXSourcesBuildPhase section */
		EDF91DC620BFB1BE00A79838 /* Sources */ = {
			isa = PBXSourcesBuildPhase;
			buildActionMask = 2147483647;
			files = (
				EDF91DCE20BFB1BE00A79838 /* TokenTextView.swift in Sources */,
				ED1E6FB5211FC06D0076FD3D /* InsetLabel.swift in Sources */,
				ED725B8321229E3E00550626 /* TokenTextViewTableViewCell.swift in Sources */,
				EDF91DD520BFB44F00A79838 /* Helpers.swift in Sources */,
			);
			runOnlyForDeploymentPostprocessing = 0;
		};
/* End PBXSourcesBuildPhase section */

/* Begin XCBuildConfiguration section */
		EDF91DCF20BFB1BE00A79838 /* Debug */ = {
			isa = XCBuildConfiguration;
			buildSettings = {
				ALWAYS_SEARCH_USER_PATHS = NO;
				CLANG_ANALYZER_NONNULL = YES;
				CLANG_ANALYZER_NUMBER_OBJECT_CONVERSION = YES_AGGRESSIVE;
				CLANG_CXX_LANGUAGE_STANDARD = "gnu++14";
				CLANG_CXX_LIBRARY = "libc++";
				CLANG_ENABLE_MODULES = YES;
				CLANG_ENABLE_OBJC_ARC = YES;
				CLANG_ENABLE_OBJC_WEAK = YES;
				CLANG_WARN_BLOCK_CAPTURE_AUTORELEASING = YES;
				CLANG_WARN_BOOL_CONVERSION = YES;
				CLANG_WARN_COMMA = YES;
				CLANG_WARN_CONSTANT_CONVERSION = YES;
				CLANG_WARN_DEPRECATED_OBJC_IMPLEMENTATIONS = YES;
				CLANG_WARN_DIRECT_OBJC_ISA_USAGE = YES_ERROR;
				CLANG_WARN_DOCUMENTATION_COMMENTS = YES;
				CLANG_WARN_EMPTY_BODY = YES;
				CLANG_WARN_ENUM_CONVERSION = YES;
				CLANG_WARN_INFINITE_RECURSION = YES;
				CLANG_WARN_INT_CONVERSION = YES;
				CLANG_WARN_NON_LITERAL_NULL_CONVERSION = YES;
				CLANG_WARN_OBJC_IMPLICIT_RETAIN_SELF = YES;
				CLANG_WARN_OBJC_LITERAL_CONVERSION = YES;
				CLANG_WARN_OBJC_ROOT_CLASS = YES_ERROR;
				CLANG_WARN_RANGE_LOOP_ANALYSIS = YES;
				CLANG_WARN_STRICT_PROTOTYPES = YES;
				CLANG_WARN_SUSPICIOUS_MOVE = YES;
				CLANG_WARN_UNGUARDED_AVAILABILITY = YES_AGGRESSIVE;
				CLANG_WARN_UNREACHABLE_CODE = YES;
				CLANG_WARN__DUPLICATE_METHOD_MATCH = YES;
				CODE_SIGN_IDENTITY = "iPhone Developer";
				COPY_PHASE_STRIP = NO;
				DEBUG_INFORMATION_FORMAT = dwarf;
				ENABLE_STRICT_OBJC_MSGSEND = YES;
				ENABLE_TESTABILITY = YES;
				GCC_C_LANGUAGE_STANDARD = gnu11;
				GCC_DYNAMIC_NO_PIC = NO;
				GCC_NO_COMMON_BLOCKS = YES;
				GCC_OPTIMIZATION_LEVEL = 0;
				GCC_PREPROCESSOR_DEFINITIONS = (
					"DEBUG=1",
					"$(inherited)",
				);
				GCC_WARN_64_TO_32_BIT_CONVERSION = YES;
				GCC_WARN_ABOUT_RETURN_TYPE = YES_ERROR;
				GCC_WARN_UNDECLARED_SELECTOR = YES;
				GCC_WARN_UNINITIALIZED_AUTOS = YES_AGGRESSIVE;
				GCC_WARN_UNUSED_FUNCTION = YES;
				GCC_WARN_UNUSED_VARIABLE = YES;
				IPHONEOS_DEPLOYMENT_TARGET = 11.0;
				MTL_ENABLE_DEBUG_INFO = YES;
				ONLY_ACTIVE_ARCH = YES;
				SDKROOT = iphoneos;
				SWIFT_ACTIVE_COMPILATION_CONDITIONS = DEBUG;
				SWIFT_OPTIMIZATION_LEVEL = "-Onone";
			};
			name = Debug;
		};
		EDF91DD020BFB1BE00A79838 /* Release */ = {
			isa = XCBuildConfiguration;
			buildSettings = {
				ALWAYS_SEARCH_USER_PATHS = NO;
				CLANG_ANALYZER_NONNULL = YES;
				CLANG_ANALYZER_NUMBER_OBJECT_CONVERSION = YES_AGGRESSIVE;
				CLANG_CXX_LANGUAGE_STANDARD = "gnu++14";
				CLANG_CXX_LIBRARY = "libc++";
				CLANG_ENABLE_MODULES = YES;
				CLANG_ENABLE_OBJC_ARC = YES;
				CLANG_ENABLE_OBJC_WEAK = YES;
				CLANG_WARN_BLOCK_CAPTURE_AUTORELEASING = YES;
				CLANG_WARN_BOOL_CONVERSION = YES;
				CLANG_WARN_COMMA = YES;
				CLANG_WARN_CONSTANT_CONVERSION = YES;
				CLANG_WARN_DEPRECATED_OBJC_IMPLEMENTATIONS = YES;
				CLANG_WARN_DIRECT_OBJC_ISA_USAGE = YES_ERROR;
				CLANG_WARN_DOCUMENTATION_COMMENTS = YES;
				CLANG_WARN_EMPTY_BODY = YES;
				CLANG_WARN_ENUM_CONVERSION = YES;
				CLANG_WARN_INFINITE_RECURSION = YES;
				CLANG_WARN_INT_CONVERSION = YES;
				CLANG_WARN_NON_LITERAL_NULL_CONVERSION = YES;
				CLANG_WARN_OBJC_IMPLICIT_RETAIN_SELF = YES;
				CLANG_WARN_OBJC_LITERAL_CONVERSION = YES;
				CLANG_WARN_OBJC_ROOT_CLASS = YES_ERROR;
				CLANG_WARN_RANGE_LOOP_ANALYSIS = YES;
				CLANG_WARN_STRICT_PROTOTYPES = YES;
				CLANG_WARN_SUSPICIOUS_MOVE = YES;
				CLANG_WARN_UNGUARDED_AVAILABILITY = YES_AGGRESSIVE;
				CLANG_WARN_UNREACHABLE_CODE = YES;
				CLANG_WARN__DUPLICATE_METHOD_MATCH = YES;
				CODE_SIGN_IDENTITY = "iPhone Developer";
				COPY_PHASE_STRIP = NO;
				DEBUG_INFORMATION_FORMAT = "dwarf-with-dsym";
				ENABLE_NS_ASSERTIONS = NO;
				ENABLE_STRICT_OBJC_MSGSEND = YES;
				GCC_C_LANGUAGE_STANDARD = gnu11;
				GCC_NO_COMMON_BLOCKS = YES;
				GCC_WARN_64_TO_32_BIT_CONVERSION = YES;
				GCC_WARN_ABOUT_RETURN_TYPE = YES_ERROR;
				GCC_WARN_UNDECLARED_SELECTOR = YES;
				GCC_WARN_UNINITIALIZED_AUTOS = YES_AGGRESSIVE;
				GCC_WARN_UNUSED_FUNCTION = YES;
				GCC_WARN_UNUSED_VARIABLE = YES;
				IPHONEOS_DEPLOYMENT_TARGET = 11.0;
				MTL_ENABLE_DEBUG_INFO = NO;
				SDKROOT = iphoneos;
				SWIFT_COMPILATION_MODE = wholemodule;
				SWIFT_OPTIMIZATION_LEVEL = "-O";
				VALIDATE_PRODUCT = YES;
			};
			name = Release;
		};
		EDF91DD220BFB1BE00A79838 /* Debug */ = {
			isa = XCBuildConfiguration;
			buildSettings = {
				CODE_SIGN_STYLE = Automatic;
				OTHER_LDFLAGS = "-ObjC";
				PRODUCT_NAME = "$(TARGET_NAME)";
				SKIP_INSTALL = YES;
				SWIFT_OBJC_BRIDGING_HEADER = "TokenTextView/TokenTextView-Bridging-Header.h";
				SWIFT_VERSION = 4.2;
				TARGETED_DEVICE_FAMILY = "1,2";
			};
			name = Debug;
		};
		EDF91DD320BFB1BE00A79838 /* Release */ = {
			isa = XCBuildConfiguration;
			buildSettings = {
				CODE_SIGN_STYLE = Automatic;
				OTHER_LDFLAGS = "-ObjC";
				PRODUCT_NAME = "$(TARGET_NAME)";
				SKIP_INSTALL = YES;
				SWIFT_OBJC_BRIDGING_HEADER = "TokenTextView/TokenTextView-Bridging-Header.h";
				SWIFT_VERSION = 4.2;
				TARGETED_DEVICE_FAMILY = "1,2";
			};
			name = Release;
		};
/* End XCBuildConfiguration section */

/* Begin XCConfigurationList section */
		EDF91DC520BFB1BE00A79838 /* Build configuration list for PBXProject "TokenTextView" */ = {
			isa = XCConfigurationList;
			buildConfigurations = (
				EDF91DCF20BFB1BE00A79838 /* Debug */,
				EDF91DD020BFB1BE00A79838 /* Release */,
			);
			defaultConfigurationIsVisible = 0;
			defaultConfigurationName = Release;
		};
		EDF91DD120BFB1BE00A79838 /* Build configuration list for PBXNativeTarget "TokenTextView" */ = {
			isa = XCConfigurationList;
			buildConfigurations = (
				EDF91DD220BFB1BE00A79838 /* Debug */,
				EDF91DD320BFB1BE00A79838 /* Release */,
			);
			defaultConfigurationIsVisible = 0;
			defaultConfigurationName = Release;
		};
/* End XCConfigurationList section */
	};
	rootObject = EDF91DC220BFB1BE00A79838 /* Project object */;
}
